
Microsoft Visual Studio Solution File, Format Version 12.00
# Visual Studio Version 16
VisualStudioVersion = 16.0.29424.173
MinimumVisualStudioVersion = 10.0.40219.1
Project("{9A19103F-16F7-4668-BE54-9A1E7A4F7556}") = "AwsLambdaDotNet", "AwsLambdaDotNet\AwsLambdaDotNet.csproj", "{FFC3BB41-85CF-4FF7-A08A-330B9203178A}"
EndProject
Global
	GlobalSection(SolutionConfigurationPlatforms) = preSolution
		Debug|Any CPU = Debug|Any CPU
		Release|Any CPU = Release|Any CPU
	EndGlobalSection
	GlobalSection(ProjectConfigurationPlatforms) = postSolution
		{FFC3BB41-85CF-4FF7-A08A-330B9203178A}.Debug|Any CPU.ActiveCfg = Debug|Any CPU
		{FFC3BB41-85CF-4FF7-A08A-330B9203178A}.Debug|Any CPU.Build.0 = Debug|Any CPU
		{FFC3BB41-85CF-4FF7-A08A-330B9203178A}.Release|Any CPU.ActiveCfg = Release|Any CPU
		{FFC3BB41-85CF-4FF7-A08A-330B9203178A}.Release|Any CPU.Build.0 = Release|Any CPU
	EndGlobalSection
	GlobalSection(SolutionProperties) = preSolution
		HideSolutionNode = FALSE
	EndGlobalSection
	GlobalSection(ExtensibilityGlobals) = postSolution
		SolutionGuid = {3A02D228-4FE9-43C8-9B55-64A0C5F8153E}
	EndGlobalSection
EndGlobal
